
Microsoft Visual Studio Solution File, Format Version 12.00
Project("{FAE04EC0-301F-11D3-BF4B-00C04F79EFBC}") = "RomanToInt", "RomanToInt\RomanToInt.csproj", "{2FE46465-8776-49BD-86CD-1B147890CACB}"
EndProject
Global
	GlobalSection(SolutionConfigurationPlatforms) = preSolution
		Debug|Any CPU = Debug|Any CPU
		Release|Any CPU = Release|Any CPU
	EndGlobalSection
	GlobalSection(ProjectConfigurationPlatforms) = postSolution
		{2FE46465-8776-49BD-86CD-1B147890CACB}.Debug|Any CPU.ActiveCfg = Debug|Any CPU
		{2FE46465-8776-49BD-86CD-1B147890CACB}.Debug|Any CPU.Build.0 = Debug|Any CPU
		{2FE46465-8776-49BD-86CD-1B147890CACB}.Release|Any CPU.ActiveCfg = Release|Any CPU
		{2FE46465-8776-49BD-86CD-1B147890CACB}.Release|Any CPU.Build.0 = Release|Any CPU
	EndGlobalSection
EndGlobal
