
Microsoft Visual Studio Solution File, Format Version 12.00
Project("{FAE04EC0-301F-11D3-BF4B-00C04F79EFBC}") = "classes_objetos", "classes_objetos\classes_objetos.csproj", "{569AC316-EE10-436C-9FB3-B6E8751393D5}"
EndProject
Global
	GlobalSection(SolutionConfigurationPlatforms) = preSolution
		Debug|Any CPU = Debug|Any CPU
		Release|Any CPU = Release|Any CPU
	EndGlobalSection
	GlobalSection(ProjectConfigurationPlatforms) = postSolution
		{569AC316-EE10-436C-9FB3-B6E8751393D5}.Debug|Any CPU.ActiveCfg = Debug|Any CPU
		{569AC316-EE10-436C-9FB3-B6E8751393D5}.Debug|Any CPU.Build.0 = Debug|Any CPU
		{569AC316-EE10-436C-9FB3-B6E8751393D5}.Release|Any CPU.ActiveCfg = Release|Any CPU
		{569AC316-EE10-436C-9FB3-B6E8751393D5}.Release|Any CPU.Build.0 = Release|Any CPU
	EndGlobalSection
EndGlobal
