
Microsoft Visual Studio Solution File, Format Version 12.00
Project("{FAE04EC0-301F-11D3-BF4B-00C04F79EFBC}") = "IsPalindrome", "IsPalindrome\IsPalindrome.csproj", "{724470B2-E8B0-4700-80C1-37830EA67984}"
EndProject
Global
	GlobalSection(SolutionConfigurationPlatforms) = preSolution
		Debug|Any CPU = Debug|Any CPU
		Release|Any CPU = Release|Any CPU
	EndGlobalSection
	GlobalSection(ProjectConfigurationPlatforms) = postSolution
		{724470B2-E8B0-4700-80C1-37830EA67984}.Debug|Any CPU.ActiveCfg = Debug|Any CPU
		{724470B2-E8B0-4700-80C1-37830EA67984}.Debug|Any CPU.Build.0 = Debug|Any CPU
		{724470B2-E8B0-4700-80C1-37830EA67984}.Release|Any CPU.ActiveCfg = Release|Any CPU
		{724470B2-E8B0-4700-80C1-37830EA67984}.Release|Any CPU.Build.0 = Release|Any CPU
	EndGlobalSection
EndGlobal
